
Microsoft Visual Studio Solution File, Format Version 12.00
Project("{FAE04EC0-301F-11D3-BF4B-00C04F79EFBC}") = "XweetBot", "XweetBot\XweetBot.csproj", "{6CF43F52-EDC0-47B6-AEA2-6EFE46F68410}"
EndProject
Global
	GlobalSection(SolutionConfigurationPlatforms) = preSolution
		Debug|Any CPU = Debug|Any CPU
		Release|Any CPU = Release|Any CPU
	EndGlobalSection
	GlobalSection(ProjectConfigurationPlatforms) = postSolution
		{6CF43F52-EDC0-47B6-AEA2-6EFE46F68410}.Debug|Any CPU.ActiveCfg = Debug|Any CPU
		{6CF43F52-EDC0-47B6-AEA2-6EFE46F68410}.Debug|Any CPU.Build.0 = Debug|Any CPU
		{6CF43F52-EDC0-47B6-AEA2-6EFE46F68410}.Release|Any CPU.ActiveCfg = Release|Any CPU
		{6CF43F52-EDC0-47B6-AEA2-6EFE46F68410}.Release|Any CPU.Build.0 = Release|Any CPU
	EndGlobalSection
EndGlobal
